PODS:
  - shared (0.1.0):
    - SPLPing
  - SPLPing (1.1.8)

DEPENDENCIES:
  - shared (from `../shared`)

SPEC REPOS:
  trunk:
    - SPLPing

EXTERNAL SOURCES:
  shared:
    :path: "../shared"

SPEC CHECKSUMS:
  shared: 139cee7d5c1fddcef925715026910a9656a8fd91
  SPLPing: 420837fae1e19bba0a8360e91e7a384f22509663

PODFILE CHECKSUM: 78d6cc1b71b232202c48a29d4e6c34972c534c73

COCOAPODS: 1.16.2
